// !$*UTF8*$!
{
	archiveVersion = 1;
	classes = {
	};
	objectVersion = 46;
	objects = {

/* Begin PBXBuildFile section */
		BC3AF7CB180E935A0010BF1D /* MapsViewController.m in Sources */ = {isa = PBXBuildFile; fileRef = BC3AF7CA180E935A0010BF1D /* MapsViewController.m */; };
		BC3AF7D5180E9EDD0010BF1D /* Reachability.m in Sources */ = {isa = PBXBuildFile; fileRef = BC3AF7CF180E9EDD0010BF1D /* Reachability.m */; settings = {COMPILER_FLAGS = "-fno-objc-arc"; }; };
		BC3AF7D6180E9EDD0010BF1D /* SVGeocoder.m in Sources */ = {isa = PBXBuildFile; fileRef = BC3AF7D2180E9EDD0010BF1D /* SVGeocoder.m */; };
		BC3AF7D7180E9EDD0010BF1D /* SVPlacemark.m in Sources */ = {isa = PBXBuildFile; fileRef = BC3AF7D4180E9EDD0010BF1D /* SVPlacemark.m */; };
		BC3AF7DE180EB2700010BF1D /* mapPin@2x.png in Resources */ = {isa = PBXBuildFile; fileRef = BC3AF7DD180EB2700010BF1D /* mapPin@2x.png */; };
		BCA22724180E64E1007D51CA /* Foundation.framework in Frameworks */ = {isa = PBXBuildFile; fileRef = BCA22723180E64E1007D51CA /* Foundation.framework */; };
		BCA22726180E64E1007D51CA /* CoreGraphics.framework in Frameworks */ = {isa = PBXBuildFile; fileRef = BCA22725180E64E1007D51CA /* CoreGraphics.framework */; };
		BCA22728180E64E1007D51CA /* UIKit.framework in Frameworks */ = {isa = PBXBuildFile; fileRef = BCA22727180E64E1007D51CA /* UIKit.framework */; };
		BCA2272E180E64E1007D51CA /* InfoPlist.strings in Resources */ = {isa = PBXBuildFile; fileRef = BCA2272C180E64E1007D51CA /* InfoPlist.strings */; };
		BCA22730180E64E1007D51CA /* main.m in Sources */ = {isa = PBXBuildFile; fileRef = BCA2272F180E64E1007D51CA /* main.m */; };
		BCA22734180E64E1007D51CA /* AppDelegate.m in Sources */ = {isa = PBXBuildFile; fileRef = BCA22733180E64E1007D51CA /* AppDelegate.m */; };
		BCA2273D180E64E1007D51CA /* ViewController.m in Sources */ = {isa = PBXBuildFile; fileRef = BCA2273C180E64E1007D51CA /* ViewController.m */; };
		BCA2273F180E64E1007D51CA /* Images.xcassets in Resources */ = {isa = PBXBuildFile; fileRef = BCA2273E180E64E1007D51CA /* Images.xcassets */; };
		BCA22746180E64E1007D51CA /* XCTest.framework in Frameworks */ = {isa = PBXBuildFile; fileRef = BCA22745180E64E1007D51CA /* XCTest.framework */; };
		BCA22747180E64E1007D51CA /* Foundation.framework in Frameworks */ = {isa = PBXBuildFile; fileRef = BCA22723180E64E1007D51CA /* Foundation.framework */; };
		BCA22748180E64E1007D51CA /* UIKit.framework in Frameworks */ = {isa = PBXBuildFile; fileRef = BCA22727180E64E1007D51CA /* UIKit.framework */; };
		BCA22750180E64E1007D51CA /* InfoPlist.strings in Resources */ = {isa = PBXBuildFile; fileRef = BCA2274E180E64E1007D51CA /* InfoPlist.strings */; };
		BCA22752180E64E1007D51CA /* iGoMapsTests.m in Sources */ = {isa = PBXBuildFile; fileRef = BCA22751180E64E1007D51CA /* iGoMapsTests.m */; };
		BCA2275C180E6BCC007D51CA /* GoogleMaps.framework in Frameworks */ = {isa = PBXBuildFile; fileRef = BCA2275B180E6BCC007D51CA /* GoogleMaps.framework */; };
		BCA2275E180E6BE3007D51CA /* GoogleMaps.bundle in Resources */ = {isa = PBXBuildFile; fileRef = BCA2275D180E6BE3007D51CA /* GoogleMaps.bundle */; };
		BCA22760180E6C02007D51CA /* AVFoundation.framework in Frameworks */ = {isa = PBXBuildFile; fileRef = BCA2275F180E6C02007D51CA /* AVFoundation.framework */; };
		BCA22762180E6C0C007D51CA /* CoreData.framework in Frameworks */ = {isa = PBXBuildFile; fileRef = BCA22761180E6C0C007D51CA /* CoreData.framework */; };
		BCA22764180E6C11007D51CA /* CoreLocation.framework in Frameworks */ = {isa = PBXBuildFile; fileRef = BCA22763180E6C11007D51CA /* CoreLocation.framework */; };
		BCA22766180E6C15007D51CA /* CoreText.framework in Frameworks */ = {isa = PBXBuildFile; fileRef = BCA22765180E6C15007D51CA /* CoreText.framework */; };
		BCA22768180E6C1E007D51CA /* GLKit.framework in Frameworks */ = {isa = PBXBuildFile; fileRef = BCA22767180E6C1E007D51CA /* GLKit.framework */; };
		BCA2276A180E6C25007D51CA /* ImageIO.framework in Frameworks */ = {isa = PBXBuildFile; fileRef = BCA22769180E6C25007D51CA /* ImageIO.framework */; };
		BCA2276C180E6C67007D51CA /* libc++.dylib in Frameworks */ = {isa = PBXBuildFile; fileRef = BCA2276B180E6C67007D51CA /* libc++.dylib */; };
		BCA2276E180E6C73007D51CA /* libicucore.dylib in Frameworks */ = {isa = PBXBuildFile; fileRef = BCA2276D180E6C73007D51CA /* libicucore.dylib */; };
		BCA22770180E6C80007D51CA /* libz.dylib in Frameworks */ = {isa = PBXBuildFile; fileRef = BCA2276F180E6C80007D51CA /* libz.dylib */; };
		BCA22772180E6C8A007D51CA /* OpenGLES.framework in Frameworks */ = {isa = PBXBuildFile; fileRef = BCA22771180E6C8A007D51CA /* OpenGLES.framework */; };
		BCA22774180E6C94007D51CA /* QuartzCore.framework in Frameworks */ = {isa = PBXBuildFile; fileRef = BCA22773180E6C94007D51CA /* QuartzCore.framework */; };
		BCA22776180E6C9F007D51CA /* SystemConfiguration.framework in Frameworks */ = {isa = PBXBuildFile; fileRef = BCA22775180E6C9F007D51CA /* SystemConfiguration.framework */; };
/* End PBXBuildFile section */

/* Begin PBXContainerItemProxy section */
		BCA22749180E64E1007D51CA /* PBXContainerItemProxy */ = {
			isa = PBXContainerItemProxy;
			containerPortal = BCA22718180E64E1007D51CA /* Project object */;
			proxyType = 1;
			remoteGlobalIDString = BCA2271F180E64E1007D51CA;
			remoteInfo = iGoMaps;
		};
/* End PBXContainerItemProxy section */

/* Begin PBXFileReference section */
		BC3AF7C9180E935A0010BF1D /* MapsViewController.h */ = {isa = PBXFileReference; fileEncoding = 4; lastKnownFileType = sourcecode.c.h; path = MapsViewController.h; sourceTree = "<group>"; };
		BC3AF7CA180E935A0010BF1D /* MapsViewController.m */ = {isa = PBXFileReference; fileEncoding = 4; lastKnownFileType = sourcecode.c.objc; path = MapsViewController.m; sourceTree = "<group>"; };
		BC3AF7CE180E9EDD0010BF1D /* Reachability.h */ = {isa = PBXFileReference; fileEncoding = 4; lastKnownFileType = sourcecode.c.h; path = Reachability.h; sourceTree = "<group>"; };
		BC3AF7CF180E9EDD0010BF1D /* Reachability.m */ = {isa = PBXFileReference; fileEncoding = 4; lastKnownFileType = sourcecode.c.objc; path = Reachability.m; sourceTree = "<group>"; };
		BC3AF7D1180E9EDD0010BF1D /* SVGeocoder.h */ = {isa = PBXFileReference; fileEncoding = 4; lastKnownFileType = sourcecode.c.h; path = SVGeocoder.h; sourceTree = "<group>"; };
		BC3AF7D2180E9EDD0010BF1D /* SVGeocoder.m */ = {isa = PBXFileReference; fileEncoding = 4; lastKnownFileType = sourcecode.c.objc; path = SVGeocoder.m; sourceTree = "<group>"; };
		BC3AF7D3180E9EDD0010BF1D /* SVPlacemark.h */ = {isa = PBXFileReference; fileEncoding = 4; lastKnownFileType = sourcecode.c.h; path = SVPlacemark.h; sourceTree = "<group>"; };
		BC3AF7D4180E9EDD0010BF1D /* SVPlacemark.m */ = {isa = PBXFileReference; fileEncoding = 4; lastKnownFileType = sourcecode.c.objc; path = SVPlacemark.m; sourceTree = "<group>"; };
		BC3AF7D9180E9F8D0010BF1D /* Logging.h */ = {isa = PBXFileReference; fileEncoding = 4; lastKnownFileType = sourcecode.c.h; path = Logging.h; sourceTree = "<group>"; };
		BC3AF7DD180EB2700010BF1D /* mapPin@2x.png */ = {isa = PBXFileReference; lastKnownFileType = image.png; name = "mapPin@2x.png"; path = "iGoMaps/Resource/mapPin@2x.png"; sourceTree = "<group>"; };
		BCA22720180E64E1007D51CA /* iGoMaps.app */ = {isa = PBXFileReference; explicitFileType = wrapper.application; includeInIndex = 0; path = iGoMaps.app; sourceTree = BUILT_PRODUCTS_DIR; };
		BCA22723180E64E1007D51CA /* Foundation.framework */ = {isa = PBXFileReference; lastKnownFileType = wrapper.framework; name = Foundation.framework; path = System/Library/Frameworks/Foundation.framework; sourceTree = SDKROOT; };
		BCA22725180E64E1007D51CA /* CoreGraphics.framework */ = {isa = PBXFileReference; lastKnownFileType = wrapper.framework; name = CoreGraphics.framework; path = System/Library/Frameworks/CoreGraphics.framework; sourceTree = SDKROOT; };
		BCA22727180E64E1007D51CA /* UIKit.framework */ = {isa = PBXFileReference; lastKnownFileType = wrapper.framework; name = UIKit.framework; path = System/Library/Frameworks/UIKit.framework; sourceTree = SDKROOT; };
		BCA2272B180E64E1007D51CA /* iGoMaps-Info.plist */ = {isa = PBXFileReference; lastKnownFileType = text.plist.xml; path = "iGoMaps-Info.plist"; sourceTree = "<group>"; };
		BCA2272D180E64E1007D51CA /* en */ = {isa = PBXFileReference; lastKnownFileType = text.plist.strings; name = en; path = en.lproj/InfoPlist.strings; sourceTree = "<group>"; };
		BCA2272F180E64E1007D51CA /* main.m */ = {isa = PBXFileReference; lastKnownFileType = sourcecode.c.objc; path = main.m; sourceTree = "<group>"; };
		BCA22731180E64E1007D51CA /* iGoMaps-Prefix.pch */ = {isa = PBXFileReference; lastKnownFileType = sourcecode.c.h; path = "iGoMaps-Prefix.pch"; sourceTree = "<group>"; };
		BCA22732180E64E1007D51CA /* AppDelegate.h */ = {isa = PBXFileReference; lastKnownFileType = sourcecode.c.h; path = AppDelegate.h; sourceTree = "<group>"; };
		BCA22733180E64E1007D51CA /* AppDelegate.m */ = {isa = PBXFileReference; lastKnownFileType = sourcecode.c.objc; path = AppDelegate.m; sourceTree = "<group>"; };
		BCA22736180E64E1007D51CA /* Base */ = {isa = PBXFileReference; lastKnownFileType = file.storyboard; name = Base; path = Base.lproj/Main_iPhone.storyboard; sourceTree = "<group>"; };
		BCA22739180E64E1007D51CA /* Base */ = {isa = PBXFileReference; lastKnownFileType = file.storyboard; name = Base; path = Base.lproj/Main_iPad.storyboard; sourceTree = "<group>"; };
		BCA2273B180E64E1007D51CA /* ViewController.h */ = {isa = PBXFileReference; lastKnownFileType = sourcecode.c.h; path = ViewController.h; sourceTree = "<group>"; };
		BCA2273C180E64E1007D51CA /* ViewController.m */ = {isa = PBXFileReference; lastKnownFileType = sourcecode.c.objc; path = ViewController.m; sourceTree = "<group>"; };
		BCA2273E180E64E1007D51CA /* Images.xcassets */ = {isa = PBXFileReference; lastKnownFileType = folder.assetcatalog; path = Images.xcassets; sourceTree = "<group>"; };
		BCA22744180E64E1007D51CA /* iGoMapsTests.xctest */ = {isa = PBXFileReference; explicitFileType = wrapper.cfbundle; includeInIndex = 0; path = iGoMapsTests.xctest; sourceTree = BUILT_PRODUCTS_DIR; };
		BCA22745180E64E1007D51CA /* XCTest.framework */ = {isa = PBXFileReference; lastKnownFileType = wrapper.framework; name = XCTest.framework; path = Library/Frameworks/XCTest.framework; sourceTree = DEVELOPER_DIR; };
		BCA2274D180E64E1007D51CA /* iGoMapsTests-Info.plist */ = {isa = PBXFileReference; lastKnownFileType = text.plist.xml; path = "iGoMapsTests-Info.plist"; sourceTree = "<group>"; };
		BCA2274F180E64E1007D51CA /* en */ = {isa = PBXFileReference; lastKnownFileType = text.plist.strings; name = en; path = en.lproj/InfoPlist.strings; sourceTree = "<group>"; };
		BCA22751180E64E1007D51CA /* iGoMapsTests.m */ = {isa = PBXFileReference; lastKnownFileType = sourcecode.c.objc; path = iGoMapsTests.m; sourceTree = "<group>"; };
		BCA2275B180E6BCC007D51CA /* GoogleMaps.framework */ = {isa = PBXFileReference; lastKnownFileType = wrapper.framework; path = GoogleMaps.framework; sourceTree = "<group>"; };
		BCA2275D180E6BE3007D51CA /* GoogleMaps.bundle */ = {isa = PBXFileReference; lastKnownFileType = "wrapper.plug-in"; name = GoogleMaps.bundle; path = GoogleMaps.framework/Versions/A/Resources/GoogleMaps.bundle; sourceTree = "<group>"; };
		BCA2275F180E6C02007D51CA /* AVFoundation.framework */ = {isa = PBXFileReference; lastKnownFileType = wrapper.framework; name = AVFoundation.framework; path = System/Library/Frameworks/AVFoundation.framework; sourceTree = SDKROOT; };
		BCA22761180E6C0C007D51CA /* CoreData.framework */ = {isa = PBXFileReference; lastKnownFileType = wrapper.framework; name = CoreData.framework; path = System/Library/Frameworks/CoreData.framework; sourceTree = SDKROOT; };
		BCA22763180E6C11007D51CA /* CoreLocation.framework */ = {isa = PBXFileReference; lastKnownFileType = wrapper.framework; name = CoreLocation.framework; path = System/Library/Frameworks/CoreLocation.framework; sourceTree = SDKROOT; };
		BCA22765180E6C15007D51CA /* CoreText.framework */ = {isa = PBXFileReference; lastKnownFileType = wrapper.framework; name = CoreText.framework; path = System/Library/Frameworks/CoreText.framework; sourceTree = SDKROOT; };
		BCA22767180E6C1E007D51CA /* GLKit.framework */ = {isa = PBXFileReference; lastKnownFileType = wrapper.framework; name = GLKit.framework; path = System/Library/Frameworks/GLKit.framework; sourceTree = SDKROOT; };
		BCA22769180E6C25007D51CA /* ImageIO.framework */ = {isa = PBXFileReference; lastKnownFileType = wrapper.framework; name = ImageIO.framework; path = System/Library/Frameworks/ImageIO.framework; sourceTree = SDKROOT; };
		BCA2276B180E6C67007D51CA /* libc++.dylib */ = {isa = PBXFileReference; lastKnownFileType = "compiled.mach-o.dylib"; name = "libc++.dylib"; path = "usr/lib/libc++.dylib"; sourceTree = SDKROOT; };
		BCA2276D180E6C73007D51CA /* libicucore.dylib */ = {isa = PBXFileReference; lastKnownFileType = "compiled.mach-o.dylib"; name = libicucore.dylib; path = usr/lib/libicucore.dylib; sourceTree = SDKROOT; };
		BCA2276F180E6C80007D51CA /* libz.dylib */ = {isa = PBXFileReference; lastKnownFileType = "compiled.mach-o.dylib"; name = libz.dylib; path = usr/lib/libz.dylib; sourceTree = SDKROOT; };
		BCA22771180E6C8A007D51CA /* OpenGLES.framework */ = {isa = PBXFileReference; lastKnownFileType = wrapper.framework; name = OpenGLES.framework; path = System/Library/Frameworks/OpenGLES.framework; sourceTree = SDKROOT; };
		BCA22773180E6C94007D51CA /* QuartzCore.framework */ = {isa = PBXFileReference; lastKnownFileType = wrapper.framework; name = QuartzCore.framework; path = System/Library/Frameworks/QuartzCore.framework; sourceTree = SDKROOT; };
		BCA22775180E6C9F007D51CA /* SystemConfiguration.framework */ = {isa = PBXFileReference; lastKnownFileType = wrapper.framework; name = SystemConfiguration.framework; path = System/Library/Frameworks/SystemConfiguration.framework; sourceTree = SDKROOT; };
/* End PBXFileReference section */

/* Begin PBXFrameworksBuildPhase section */
		BCA2271D180E64E1007D51CA /* Frameworks */ = {
			isa = PBXFrameworksBuildPhase;
			buildActionMask = 2147483647;
			files = (
				BCA22776180E6C9F007D51CA /* SystemConfiguration.framework in Frameworks */,
				BCA22774180E6C94007D51CA /* QuartzCore.framework in Frameworks */,
				BCA22772180E6C8A007D51CA /* OpenGLES.framework in Frameworks */,
				BCA22770180E6C80007D51CA /* libz.dylib in Frameworks */,
				BCA2276E180E6C73007D51CA /* libicucore.dylib in Frameworks */,
				BCA2276C180E6C67007D51CA /* libc++.dylib in Frameworks */,
				BCA2276A180E6C25007D51CA /* ImageIO.framework in Frameworks */,
				BCA22768180E6C1E007D51CA /* GLKit.framework in Frameworks */,
				BCA22766180E6C15007D51CA /* CoreText.framework in Frameworks */,
				BCA22764180E6C11007D51CA /* CoreLocation.framework in Frameworks */,
				BCA22762180E6C0C007D51CA /* CoreData.framework in Frameworks */,
				BCA22760180E6C02007D51CA /* AVFoundation.framework in Frameworks */,
				BCA22726180E64E1007D51CA /* CoreGraphics.framework in Frameworks */,
				BCA22728180E64E1007D51CA /* UIKit.framework in Frameworks */,
				BCA2275C180E6BCC007D51CA /* GoogleMaps.framework in Frameworks */,
				BCA22724180E64E1007D51CA /* Foundation.framework in Frameworks */,
			);
			runOnlyForDeploymentPostprocessing = 0;
		};
		BCA22741180E64E1007D51CA /* Frameworks */ = {
			isa = PBXFrameworksBuildPhase;
			buildActionMask = 2147483647;
			files = (
				BCA22746180E64E1007D51CA /* XCTest.framework in Frameworks */,
				BCA22748180E64E1007D51CA /* UIKit.framework in Frameworks */,
				BCA22747180E64E1007D51CA /* Foundation.framework in Frameworks */,
			);
			runOnlyForDeploymentPostprocessing = 0;
		};
/* End PBXFrameworksBuildPhase section */

/* Begin PBXGroup section */
		BC3AF7CC180E9E590010BF1D /* External Files */ = {
			isa = PBXGroup;
			children = (
				BC3AF7D8180E9F8D0010BF1D /* Logging */,
				BC3AF7CD180E9EDD0010BF1D /* InternetReachability */,
				BC3AF7D0180E9EDD0010BF1D /* SVGeocoder */,
			);
			path = "External Files";
			sourceTree = "<group>";
		};
		BC3AF7CD180E9EDD0010BF1D /* InternetReachability */ = {
			isa = PBXGroup;
			children = (
				BC3AF7CE180E9EDD0010BF1D /* Reachability.h */,
				BC3AF7CF180E9EDD0010BF1D /* Reachability.m */,
			);
			path = InternetReachability;
			sourceTree = "<group>";
		};
		BC3AF7D0180E9EDD0010BF1D /* SVGeocoder */ = {
			isa = PBXGroup;
			children = (
				BC3AF7D1180E9EDD0010BF1D /* SVGeocoder.h */,
				BC3AF7D2180E9EDD0010BF1D /* SVGeocoder.m */,
				BC3AF7D3180E9EDD0010BF1D /* SVPlacemark.h */,
				BC3AF7D4180E9EDD0010BF1D /* SVPlacemark.m */,
			);
			path = SVGeocoder;
			sourceTree = "<group>";
		};
		BC3AF7D8180E9F8D0010BF1D /* Logging */ = {
			isa = PBXGroup;
			children = (
				BC3AF7D9180E9F8D0010BF1D /* Logging.h */,
			);
			path = Logging;
			sourceTree = "<group>";
		};
		BC3AF7DF180EB2D50010BF1D /* Resources */ = {
			isa = PBXGroup;
			children = (
				BC3AF7DD180EB2700010BF1D /* mapPin@2x.png */,
			);
			name = Resources;
			sourceTree = "<group>";
		};
		BCA22717180E64E1007D51CA = {
			isa = PBXGroup;
			children = (
				BCA22729180E64E1007D51CA /* iGoMaps */,
				BC3AF7DF180EB2D50010BF1D /* Resources */,
				BCA2274B180E64E1007D51CA /* iGoMapsTests */,
				BCA22722180E64E1007D51CA /* Frameworks */,
				BCA22721180E64E1007D51CA /* Products */,
			);
			sourceTree = "<group>";
		};
		BCA22721180E64E1007D51CA /* Products */ = {
			isa = PBXGroup;
			children = (
				BCA22720180E64E1007D51CA /* iGoMaps.app */,
				BCA22744180E64E1007D51CA /* iGoMapsTests.xctest */,
			);
			name = Products;
			sourceTree = "<group>";
		};
		BCA22722180E64E1007D51CA /* Frameworks */ = {
			isa = PBXGroup;
			children = (
				BCA22775180E6C9F007D51CA /* SystemConfiguration.framework */,
				BCA22773180E6C94007D51CA /* QuartzCore.framework */,
				BCA22771180E6C8A007D51CA /* OpenGLES.framework */,
				BCA2276F180E6C80007D51CA /* libz.dylib */,
				BCA2276D180E6C73007D51CA /* libicucore.dylib */,
				BCA2276B180E6C67007D51CA /* libc++.dylib */,
				BCA22769180E6C25007D51CA /* ImageIO.framework */,
				BCA22767180E6C1E007D51CA /* GLKit.framework */,
				BCA22765180E6C15007D51CA /* CoreText.framework */,
				BCA22763180E6C11007D51CA /* CoreLocation.framework */,
				BCA22761180E6C0C007D51CA /* CoreData.framework */,
				BCA2275F180E6C02007D51CA /* AVFoundation.framework */,
				BCA2275D180E6BE3007D51CA /* GoogleMaps.bundle */,
				BCA2275B180E6BCC007D51CA /* GoogleMaps.framework */,
				BCA22723180E64E1007D51CA /* Foundation.framework */,
				BCA22725180E64E1007D51CA /* CoreGraphics.framework */,
				BCA22727180E64E1007D51CA /* UIKit.framework */,
				BCA22745180E64E1007D51CA /* XCTest.framework */,
			);
			name = Frameworks;
			sourceTree = "<group>";
		};
		BCA22729180E64E1007D51CA /* iGoMaps */ = {
			isa = PBXGroup;
			children = (
				BC3AF7CC180E9E590010BF1D /* External Files */,
				BCA22732180E64E1007D51CA /* AppDelegate.h */,
				BCA22733180E64E1007D51CA /* AppDelegate.m */,
				BCA22735180E64E1007D51CA /* Main_iPhone.storyboard */,
				BCA22738180E64E1007D51CA /* Main_iPad.storyboard */,
				BCA2273B180E64E1007D51CA /* ViewController.h */,
				BCA2273C180E64E1007D51CA /* ViewController.m */,
				BC3AF7C9180E935A0010BF1D /* MapsViewController.h */,
				BC3AF7CA180E935A0010BF1D /* MapsViewController.m */,
				BCA2273E180E64E1007D51CA /* Images.xcassets */,
				BCA2272A180E64E1007D51CA /* Supporting Files */,
			);
			path = iGoMaps;
			sourceTree = "<group>";
		};
		BCA2272A180E64E1007D51CA /* Supporting Files */ = {
			isa = PBXGroup;
			children = (
				BCA2272B180E64E1007D51CA /* iGoMaps-Info.plist */,
				BCA2272C180E64E1007D51CA /* InfoPlist.strings */,
				BCA2272F180E64E1007D51CA /* main.m */,
				BCA22731180E64E1007D51CA /* iGoMaps-Prefix.pch */,
			);
			name = "Supporting Files";
			sourceTree = "<group>";
		};
		BCA2274B180E64E1007D51CA /* iGoMapsTests */ = {
			isa = PBXGroup;
			children = (
				BCA22751180E64E1007D51CA /* iGoMapsTests.m */,
				BCA2274C180E64E1007D51CA /* Supporting Files */,
			);
			path = iGoMapsTests;
			sourceTree = "<group>";
		};
		BCA2274C180E64E1007D51CA /* Supporting Files */ = {
			isa = PBXGroup;
			children = (
				BCA2274D180E64E1007D51CA /* iGoMapsTests-Info.plist */,
				BCA2274E180E64E1007D51CA /* InfoPlist.strings */,
			);
			name = "Supporting Files";
			sourceTree = "<group>";
		};
/* End PBXGroup section */

/* Begin PBXNativeTarget section */
		BCA2271F180E64E1007D51CA /* iGoMaps */ = {
			isa = PBXNativeTarget;
			buildConfigurationList = BCA22755180E64E1007D51CA /* Build configuration list for PBXNativeTarget "iGoMaps" */;
			buildPhases = (
				BCA2271C180E64E1007D51CA /* Sources */,
				BCA2271D180E64E1007D51CA /* Frameworks */,
				BCA2271E180E64E1007D51CA /* Resources */,
			);
			buildRules = (
			);
			dependencies = (
			);
			name = iGoMaps;
			productName = iGoMaps;
			productReference = BCA22720180E64E1007D51CA /* iGoMaps.app */;
			productType = "com.apple.product-type.application";
		};
		BCA22743180E64E1007D51CA /* iGoMapsTests */ = {
			isa = PBXNativeTarget;
			buildConfigurationList = BCA22758180E64E1007D51CA /* Build configuration list for PBXNativeTarget "iGoMapsTests" */;
			buildPhases = (
				BCA22740180E64E1007D51CA /* Sources */,
				BCA22741180E64E1007D51CA /* Frameworks */,
				BCA22742180E64E1007D51CA /* Resources */,
			);
			buildRules = (
			);
			dependencies = (
				BCA2274A180E64E1007D51CA /* PBXTargetDependency */,
			);
			name = iGoMapsTests;
			productName = iGoMapsTests;
			productReference = BCA22744180E64E1007D51CA /* iGoMapsTests.xctest */;
			productType = "com.apple.product-type.bundle.unit-test";
		};
/* End PBXNativeTarget section */

/* Begin PBXProject section */
		BCA22718180E64E1007D51CA /* Project object */ = {
			isa = PBXProject;
			attributes = {
				LastUpgradeCheck = 0500;
				ORGANIZATIONNAME = Ankit;
				TargetAttributes = {
					BCA22743180E64E1007D51CA = {
						TestTargetID = BCA2271F180E64E1007D51CA;
					};
				};
			};
			buildConfigurationList = BCA2271B180E64E1007D51CA /* Build configuration list for PBXProject "iGoMaps" */;
			compatibilityVersion = "Xcode 3.2";
			developmentRegion = English;
			hasScannedForEncodings = 0;
			knownRegions = (
				en,
				Base,
			);
			mainGroup = BCA22717180E64E1007D51CA;
			productRefGroup = BCA22721180E64E1007D51CA /* Products */;
			projectDirPath = "";
			projectRoot = "";
			targets = (
				BCA2271F180E64E1007D51CA /* iGoMaps */,
				BCA22743180E64E1007D51CA /* iGoMapsTests */,
			);
		};
/* End PBXProject section */

/* Begin PBXResourcesBuildPhase section */
		BCA2271E180E64E1007D51CA /* Resources */ = {
			isa = PBXResourcesBuildPhase;
			buildActionMask = 2147483647;
			files = (
				BC3AF7DE180EB2700010BF1D /* mapPin@2x.png in Resources */,
				BCA2273F180E64E1007D51CA /* Images.xcassets in Resources */,
				BCA2272E180E64E1007D51CA /* InfoPlist.strings in Resources */,
				BCA2275E180E6BE3007D51CA /* GoogleMaps.bundle in Resources */,
			);
			runOnlyForDeploymentPostprocessing = 0;
		};
		BCA22742180E64E1007D51CA /* Resources */ = {
			isa = PBXResourcesBuildPhase;
			buildActionMask = 2147483647;
			files = (
				BCA22750180E64E1007D51CA /* InfoPlist.strings in Resources */,
			);
			runOnlyForDeploymentPostprocessing = 0;
		};
/* End PBXResourcesBuildPhase section */

/* Begin PBXSourcesBuildPhase section */
		BCA2271C180E64E1007D51CA /* Sources */ = {
			isa = PBXSourcesBuildPhase;
			buildActionMask = 2147483647;
			files = (
				BC3AF7D7180E9EDD0010BF1D /* SVPlacemark.m in Sources */,
				BC3AF7D6180E9EDD0010BF1D /* SVGeocoder.m in Sources */,
				BCA2273D180E64E1007D51CA /* ViewController.m in Sources */,
				BCA22734180E64E1007D51CA /* AppDelegate.m in Sources */,
				BCA22730180E64E1007D51CA /* main.m in Sources */,
				BC3AF7CB180E935A0010BF1D /* MapsViewController.m in Sources */,
				BC3AF7D5180E9EDD0010BF1D /* Reachability.m in Sources */,
			);
			runOnlyForDeploymentPostprocessing = 0;
		};
		BCA22740180E64E1007D51CA /* Sources */ = {
			isa = PBXSourcesBuildPhase;
			buildActionMask = 2147483647;
			files = (
				BCA22752180E64E1007D51CA /* iGoMapsTests.m in Sources */,
			);
			runOnlyForDeploymentPostprocessing = 0;
		};
/* End PBXSourcesBuildPhase section */

/* Begin PBXTargetDependency section */
		BCA2274A180E64E1007D51CA /* PBXTargetDependency */ = {
			isa = PBXTargetDependency;
			target = BCA2271F180E64E1007D51CA /* iGoMaps */;
			targetProxy = BCA22749180E64E1007D51CA /* PBXContainerItemProxy */;
		};
/* End PBXTargetDependency section */

/* Begin PBXVariantGroup section */
		BCA2272C180E64E1007D51CA /* InfoPlist.strings */ = {
			isa = PBXVariantGroup;
			children = (
				BCA2272D180E64E1007D51CA /* en */,
			);
			name = InfoPlist.strings;
			sourceTree = "<group>";
		};
		BCA22735180E64E1007D51CA /* Main_iPhone.storyboard */ = {
			isa = PBXVariantGroup;
			children = (
				BCA22736180E64E1007D51CA /* Base */,
			);
			name = Main_iPhone.storyboard;
			sourceTree = "<group>";
		};
		BCA22738180E64E1007D51CA /* Main_iPad.storyboard */ = {
			isa = PBXVariantGroup;
			children = (
				BCA22739180E64E1007D51CA /* Base */,
			);
			name = Main_iPad.storyboard;
			sourceTree = "<group>";
		};
		BCA2274E180E64E1007D51CA /* InfoPlist.strings */ = {
			isa = PBXVariantGroup;
			children = (
				BCA2274F180E64E1007D51CA /* en */,
			);
			name = InfoPlist.strings;
			sourceTree = "<group>";
		};
/* End PBXVariantGroup section */

/* Begin XCBuildConfiguration section */
		BCA22753180E64E1007D51CA /* Debug */ = {
			isa = XCBuildConfiguration;
			buildSettings = {
				ALWAYS_SEARCH_USER_PATHS = NO;
				ARCHS = "$(ARCHS_STANDARD_INCLUDING_64_BIT)";
				CLANG_CXX_LANGUAGE_STANDARD = "gnu++0x";
				CLANG_CXX_LIBRARY = "libc++";
				CLANG_ENABLE_MODULES = YES;
				CLANG_ENABLE_OBJC_ARC = YES;
				CLANG_WARN_BOOL_CONVERSION = YES;
				CLANG_WARN_CONSTANT_CONVERSION = YES;
				CLANG_WARN_DIRECT_OBJC_ISA_USAGE = YES_ERROR;
				CLANG_WARN_EMPTY_BODY = YES;
				CLANG_WARN_ENUM_CONVERSION = YES;
				CLANG_WARN_INT_CONVERSION = YES;
				CLANG_WARN_OBJC_ROOT_CLASS = YES_ERROR;
				CLANG_WARN__DUPLICATE_METHOD_MATCH = YES;
				"CODE_SIGN_IDENTITY[sdk=iphoneos*]" = "iPhone Developer";
				COPY_PHASE_STRIP = NO;
				GCC_C_LANGUAGE_STANDARD = gnu99;
				GCC_DYNAMIC_NO_PIC = NO;
				GCC_OPTIMIZATION_LEVEL = 0;
				GCC_PREPROCESSOR_DEFINITIONS = (
					"DEBUG=1",
					"$(inherited)",
				);
				GCC_SYMBOLS_PRIVATE_EXTERN = NO;
				GCC_WARN_64_TO_32_BIT_CONVERSION = YES;
				GCC_WARN_ABOUT_RETURN_TYPE = YES_ERROR;
				GCC_WARN_UNDECLARED_SELECTOR = YES;
				GCC_WARN_UNINITIALIZED_AUTOS = YES;
				GCC_WARN_UNUSED_FUNCTION = YES;
				GCC_WARN_UNUSED_VARIABLE = YES;
				IPHONEOS_DEPLOYMENT_TARGET = 7.0;
				ONLY_ACTIVE_ARCH = YES;
				SDKROOT = iphoneos;
				TARGETED_DEVICE_FAMILY = "1,2";
			};
			name = Debug;
		};
		BCA22754180E64E1007D51CA /* Release */ = {
			isa = XCBuildConfiguration;
			buildSettings = {
				ALWAYS_SEARCH_USER_PATHS = NO;
				ARCHS = "$(ARCHS_STANDARD_INCLUDING_64_BIT)";
				CLANG_CXX_LANGUAGE_STANDARD = "gnu++0x";
				CLANG_CXX_LIBRARY = "libc++";
				CLANG_ENABLE_MODULES = YES;
				CLANG_ENABLE_OBJC_ARC = YES;
				CLANG_WARN_BOOL_CONVERSION = YES;
				CLANG_WARN_CONSTANT_CONVERSION = YES;
				CLANG_WARN_DIRECT_OBJC_ISA_USAGE = YES_ERROR;
				CLANG_WARN_EMPTY_BODY = YES;
				CLANG_WARN_ENUM_CONVERSION = YES;
				CLANG_WARN_INT_CONVERSION = YES;
				CLANG_WARN_OBJC_ROOT_CLASS = YES_ERROR;
				CLANG_WARN__DUPLICATE_METHOD_MATCH = YES;
				"CODE_SIGN_IDENTITY[sdk=iphoneos*]" = "iPhone Developer";
				COPY_PHASE_STRIP = YES;
				ENABLE_NS_ASSERTIONS = NO;
				GCC_C_LANGUAGE_STANDARD = gnu99;
				GCC_WARN_64_TO_32_BIT_CONVERSION = YES;
				GCC_WARN_ABOUT_RETURN_TYPE = YES_ERROR;
				GCC_WARN_UNDECLARED_SELECTOR = YES;
				GCC_WARN_UNINITIALIZED_AUTOS = YES;
				GCC_WARN_UNUSED_FUNCTION = YES;
				GCC_WARN_UNUSED_VARIABLE = YES;
				IPHONEOS_DEPLOYMENT_TARGET = 7.0;
				SDKROOT = iphoneos;
				TARGETED_DEVICE_FAMILY = "1,2";
				VALIDATE_PRODUCT = YES;
			};
			name = Release;
		};
		BCA22756180E64E1007D51CA /* Debug */ = {
			isa = XCBuildConfiguration;
			buildSettings = {
				ASSETCATALOG_COMPILER_APPICON_NAME = AppIcon;
				ASSETCATALOG_COMPILER_LAUNCHIMAGE_NAME = LaunchImage;
				CODE_SIGN_IDENTITY = "iPhone Developer";
				FRAMEWORK_SEARCH_PATHS = (
					"$(inherited)",
					"/Users/ankit/Desktop/Ankit\\ Projects/iGoMaps",
				);
				GCC_PRECOMPILE_PREFIX_HEADER = YES;
				GCC_PREFIX_HEADER = "iGoMaps/iGoMaps-Prefix.pch";
				INFOPLIST_FILE = "iGoMaps/iGoMaps-Info.plist";
				OTHER_LDFLAGS = "-ObjC";
				PRODUCT_NAME = "$(TARGET_NAME)";
				TARGETED_DEVICE_FAMILY = 1;
				WRAPPER_EXTENSION = app;
			};
			name = Debug;
		};
		BCA22757180E64E1007D51CA /* Release */ = {
			isa = XCBuildConfiguration;
			buildSettings = {
				ASSETCATALOG_COMPILER_APPICON_NAME = AppIcon;
				ASSETCATALOG_COMPILER_LAUNCHIMAGE_NAME = LaunchImage;
				CODE_SIGN_IDENTITY = "iPhone Developer";
				FRAMEWORK_SEARCH_PATHS = (
					"$(inherited)",
					"/Users/ankit/Desktop/Ankit\\ Projects/iGoMaps",
				);
				GCC_PRECOMPILE_PREFIX_HEADER = YES;
				GCC_PREFIX_HEADER = "iGoMaps/iGoMaps-Prefix.pch";
				INFOPLIST_FILE = "iGoMaps/iGoMaps-Info.plist";
				OTHER_LDFLAGS = "-ObjC";
				PRODUCT_NAME = "$(TARGET_NAME)";
				TARGETED_DEVICE_FAMILY = 1;
				WRAPPER_EXTENSION = app;
			};
			name = Release;
		};
		BCA22759180E64E1007D51CA /* Debug */ = {
			isa = XCBuildConfiguration;
			buildSettings = {
				ARCHS = "$(ARCHS_STANDARD_INCLUDING_64_BIT)";
				BUNDLE_LOADER = "$(BUILT_PRODUCTS_DIR)/iGoMaps.app/iGoMaps";
				FRAMEWORK_SEARCH_PATHS = (
					"$(SDKROOT)/Developer/Library/Frameworks",
					"$(inherited)",
					"$(DEVELOPER_FRAMEWORKS_DIR)",
				);
				GCC_PRECOMPILE_PREFIX_HEADER = YES;
				GCC_PREFIX_HEADER = "iGoMaps/iGoMaps-Prefix.pch";
				GCC_PREPROCESSOR_DEFINITIONS = (
					"DEBUG=1",
					"$(inherited)",
				);
				INFOPLIST_FILE = "iGoMapsTests/iGoMapsTests-Info.plist";
				PRODUCT_NAME = "$(TARGET_NAME)";
				TEST_HOST = "$(BUNDLE_LOADER)";
				WRAPPER_EXTENSION = xctest;
			};
			name = Debug;
		};
		BCA2275A180E64E1007D51CA /* Release */ = {
			isa = XCBuildConfiguration;
			buildSettings = {
				ARCHS = "$(ARCHS_STANDARD_INCLUDING_64_BIT)";
				BUNDLE_LOADER = "$(BUILT_PRODUCTS_DIR)/iGoMaps.app/iGoMaps";
				FRAMEWORK_SEARCH_PATHS = (
					"$(SDKROOT)/Developer/Library/Frameworks",
					"$(inherited)",
					"$(DEVELOPER_FRAMEWORKS_DIR)",
				);
				GCC_PRECOMPILE_PREFIX_HEADER = YES;
				GCC_PREFIX_HEADER = "iGoMaps/iGoMaps-Prefix.pch";
				INFOPLIST_FILE = "iGoMapsTests/iGoMapsTests-Info.plist";
				PRODUCT_NAME = "$(TARGET_NAME)";
				TEST_HOST = "$(BUNDLE_LOADER)";
				WRAPPER_EXTENSION = xctest;
			};
			name = Release;
		};
/* End XCBuildConfiguration section */

/* Begin XCConfigurationList section */
		BCA2271B180E64E1007D51CA /* Build configuration list for PBXProject "iGoMaps" */ = {
			isa = XCConfigurationList;
			buildConfigurations = (
				BCA22753180E64E1007D51CA /* Debug */,
				BCA22754180E64E1007D51CA /* Release */,
			);
			defaultConfigurationIsVisible = 0;
			defaultConfigurationName = Release;
		};
		BCA22755180E64E1007D51CA /* Build configuration list for PBXNativeTarget "iGoMaps" */ = {
			isa = XCConfigurationList;
			buildConfigurations = (
				BCA22756180E64E1007D51CA /* Debug */,
				BCA22757180E64E1007D51CA /* Release */,
			);
			defaultConfigurationIsVisible = 0;
			defaultConfigurationName = Release;
		};
		BCA22758180E64E1007D51CA /* Build configuration list for PBXNativeTarget "iGoMapsTests" */ = {
			isa = XCConfigurationList;
			buildConfigurations = (
				BCA22759180E64E1007D51CA /* Debug */,
				BCA2275A180E64E1007D51CA /* Release */,
			);
			defaultConfigurationIsVisible = 0;
			defaultConfigurationName = Release;
		};
/* End XCConfigurationList section */
	};
	rootObject = BCA22718180E64E1007D51CA /* Project object */;
}
